
Microsoft Visual Studio Solution File, Format Version 12.00
# Visual Studio Version 16
VisualStudioVersion = 16.0.29306.81
MinimumVisualStudioVersion = 10.0.40219.1
Project("{9A19103F-16F7-4668-BE54-9A1E7A4F7556}") = "LiteMessageBus", "LiteMessageBus\LiteMessageBus.csproj", "{27DCF825-1AEB-461E-AB28-ED35A87B0D16}"
EndProject
Project("{9A19103F-16F7-4668-BE54-9A1E7A4F7556}") = "LiteMessageBusDemo", "LiteMessageBusDemo\LiteMessageBusDemo.csproj", "{7F9FBEDF-C98C-4A2E-A3BB-0AA3CAA4F93B}"
EndProject
Project("{2150E333-8FDC-42A3-9474-1A3956D46DE8}") = "Solution Items", "Solution Items", "{3D28E802-B925-4DEF-A3A8-44EF8617A67F}"
	ProjectSection(SolutionItems) = preProject
		build-scripts\build-script.js = build-scripts\build-script.js
	EndProjectSection
EndProject
Global
	GlobalSection(SolutionConfigurationPlatforms) = preSolution
		Debug|Any CPU = Debug|Any CPU
		Release|Any CPU = Release|Any CPU
	EndGlobalSection
	GlobalSection(ProjectConfigurationPlatforms) = postSolution
		{27DCF825-1AEB-461E-AB28-ED35A87B0D16}.Debug|Any CPU.ActiveCfg = Debug|Any CPU
		{27DCF825-1AEB-461E-AB28-ED35A87B0D16}.Debug|Any CPU.Build.0 = Debug|Any CPU
		{27DCF825-1AEB-461E-AB28-ED35A87B0D16}.Release|Any CPU.ActiveCfg = Release|Any CPU
		{27DCF825-1AEB-461E-AB28-ED35A87B0D16}.Release|Any CPU.Build.0 = Release|Any CPU
		{7F9FBEDF-C98C-4A2E-A3BB-0AA3CAA4F93B}.Debug|Any CPU.ActiveCfg = Debug|Any CPU
		{7F9FBEDF-C98C-4A2E-A3BB-0AA3CAA4F93B}.Debug|Any CPU.Build.0 = Debug|Any CPU
		{7F9FBEDF-C98C-4A2E-A3BB-0AA3CAA4F93B}.Release|Any CPU.ActiveCfg = Release|Any CPU
		{7F9FBEDF-C98C-4A2E-A3BB-0AA3CAA4F93B}.Release|Any CPU.Build.0 = Release|Any CPU
	EndGlobalSection
	GlobalSection(SolutionProperties) = preSolution
		HideSolutionNode = FALSE
	EndGlobalSection
	GlobalSection(ExtensibilityGlobals) = postSolution
		SolutionGuid = {0B0B87E1-FC8C-422D-9F82-97BFC761CF03}
	EndGlobalSection
EndGlobal
